
Microsoft Visual Studio Solution File, Format Version 12.00
# Visual Studio Version 17
VisualStudioVersion = 17.5.33502.453
MinimumVisualStudioVersion = 10.0.40219.1
Project("{FAE04EC0-301F-11D3-BF4B-00C04F79EFBC}") = "Laba 3", "Laba 3\Laba 3.csproj", "{B2DBE9D4-55B3-4DFD-A90B-CDCEA127610D}"
EndProject
Global
	GlobalSection(SolutionConfigurationPlatforms) = preSolution
		Debug|Any CPU = Debug|Any CPU
		Release|Any CPU = Release|Any CPU
	EndGlobalSection
	GlobalSection(ProjectConfigurationPlatforms) = postSolution
		{B2DBE9D4-55B3-4DFD-A90B-CDCEA127610D}.Debug|Any CPU.ActiveCfg = Debug|Any CPU
		{B2DBE9D4-55B3-4DFD-A90B-CDCEA127610D}.Debug|Any CPU.Build.0 = Debug|Any CPU
		{B2DBE9D4-55B3-4DFD-A90B-CDCEA127610D}.Release|Any CPU.ActiveCfg = Release|Any CPU
		{B2DBE9D4-55B3-4DFD-A90B-CDCEA127610D}.Release|Any CPU.Build.0 = Release|Any CPU
	EndGlobalSection
	GlobalSection(SolutionProperties) = preSolution
		HideSolutionNode = FALSE
	EndGlobalSection
	GlobalSection(ExtensibilityGlobals) = postSolution
		SolutionGuid = {101F1340-2A03-4D3C-9C04-B58070B306A9}
	EndGlobalSection
EndGlobal
